// !$*UTF8*$!
{
	archiveVersion = 1;
	classes = {
	};
	objectVersion = 50;
	objects = {

/* Begin PBXBuildFile section */
		55BDA13C21FF4A1A000FF661 /* AppDelegate.swift in Sources */ = {isa = PBXBuildFile; fileRef = 55BDA13B21FF4A1A000FF661 /* AppDelegate.swift */; };
		55BDA13E21FF4A1A000FF661 /* ViewController.swift in Sources */ = {isa = PBXBuildFile; fileRef = 55BDA13D21FF4A1A000FF661 /* ViewController.swift */; };
		55BDA14121FF4A1A000FF661 /* Main.storyboard in Resources */ = {isa = PBXBuildFile; fileRef = 55BDA13F21FF4A1A000FF661 /* Main.storyboard */; };
		55BDA14321FF4A20000FF661 /* Assets.xcassets in Resources */ = {isa = PBXBuildFile; fileRef = 55BDA14221FF4A20000FF661 /* Assets.xcassets */; };
		55BDA14621FF4A20000FF661 /* LaunchScreen.storyboard in Resources */ = {isa = PBXBuildFile; fileRef = 55BDA14421FF4A20000FF661 /* LaunchScreen.storyboard */; };
/* End PBXBuildFile section */

/* Begin PBXFileReference section */
		55BDA13821FF4A1A000FF661 /* Todo-L.app */ = {isa = PBXFileReference; explicitFileType = wrapper.application; includeInIndex = 0; path = "Todo-L.app"; sourceTree = BUILT_PRODUCTS_DIR; };
		55BDA13B21FF4A1A000FF661 /* AppDelegate.swift */ = {isa = PBXFileReference; lastKnownFileType = sourcecode.swift; path = AppDelegate.swift; sourceTree = "<group>"; };
		55BDA13D21FF4A1A000FF661 /* ViewController.swift */ = {isa = PBXFileReference; lastKnownFileType = sourcecode.swift; path = ViewController.swift; sourceTree = "<group>"; };
		55BDA14021FF4A1A000FF661 /* Base */ = {isa = PBXFileReference; lastKnownFileType = file.storyboard; name = Base; path = Base.lproj/Main.storyboard; sourceTree = "<group>"; };
		55BDA14221FF4A20000FF661 /* Assets.xcassets */ = {isa = PBXFileReference; lastKnownFileType = folder.assetcatalog; path = Assets.xcassets; sourceTree = "<group>"; };
		55BDA14521FF4A20000FF661 /* Base */ = {isa = PBXFileReference; lastKnownFileType = file.storyboard; name = Base; path = Base.lproj/LaunchScreen.storyboard; sourceTree = "<group>"; };
		55BDA14721FF4A20000FF661 /* Info.plist */ = {isa = PBXFileReference; lastKnownFileType = text.plist.xml; path = Info.plist; sourceTree = "<group>"; };
/* End PBXFileReference section */

/* Begin PBXFrameworksBuildPhase section */
		55BDA13521FF4A1A000FF661 /* Frameworks */ = {
			isa = PBXFrameworksBuildPhase;
			buildActionMask = 2147483647;
			files = (
			);
			runOnlyForDeploymentPostprocessing = 0;
		};
/* End PBXFrameworksBuildPhase section */

/* Begin PBXGroup section */
		55BDA12F21FF4A1A000FF661 = {
			isa = PBXGroup;
			children = (
				55BDA13A21FF4A1A000FF661 /* Todo-L */,
				55BDA13921FF4A1A000FF661 /* Products */,
			);
			sourceTree = "<group>";
		};
		55BDA13921FF4A1A000FF661 /* Products */ = {
			isa = PBXGroup;
			children = (
				55BDA13821FF4A1A000FF661 /* Todo-L.app */,
			);
			name = Products;
			sourceTree = "<group>";
		};
		55BDA13A21FF4A1A000FF661 /* Todo-L */ = {
			isa = PBXGroup;
			children = (
				55BDA13B21FF4A1A000FF661 /* AppDelegate.swift */,
				55BDA13D21FF4A1A000FF661 /* ViewController.swift */,
				55BDA13F21FF4A1A000FF661 /* Main.storyboard */,
				55BDA14221FF4A20000FF661 /* Assets.xcassets */,
				55BDA14421FF4A20000FF661 /* LaunchScreen.storyboard */,
				55BDA14721FF4A20000FF661 /* Info.plist */,
			);
			path = "Todo-L";
			sourceTree = "<group>";
		};
/* End PBXGroup section */

/* Begin PBXNativeTarget section */
		55BDA13721FF4A1A000FF661 /* Todo-L */ = {
			isa = PBXNativeTarget;
			buildConfigurationList = 55BDA14A21FF4A20000FF661 /* Build configuration list for PBXNativeTarget "Todo-L" */;
			buildPhases = (
				55BDA13421FF4A1A000FF661 /* Sources */,
				55BDA13521FF4A1A000FF661 /* Frameworks */,
				55BDA13621FF4A1A000FF661 /* Resources */,
			);
			buildRules = (
			);
			dependencies = (
			);
			name = "Todo-L";
			productName = "Todo-L";
			productReference = 55BDA13821FF4A1A000FF661 /* Todo-L.app */;
			productType = "com.apple.product-type.application";
		};
/* End PBXNativeTarget section */

/* Begin PBXProject section */
		55BDA13021FF4A1A000FF661 /* Project object */ = {
			isa = PBXProject;
			attributes = {
				LastSwiftUpdateCheck = 1010;
				LastUpgradeCheck = 1010;
				ORGANIZATIONNAME = Suryanarayanan;
				TargetAttributes = {
					55BDA13721FF4A1A000FF661 = {
						CreatedOnToolsVersion = 10.1;
					};
				};
			};
			buildConfigurationList = 55BDA13321FF4A1A000FF661 /* Build configuration list for PBXProject "Todo-L" */;
			compatibilityVersion = "Xcode 9.3";
			developmentRegion = en;
			hasScannedForEncodings = 0;
			knownRegions = (
				en,
				Base,
			);
			mainGroup = 55BDA12F21FF4A1A000FF661;
			productRefGroup = 55BDA13921FF4A1A000FF661 /* Products */;
			projectDirPath = "";
			projectRoot = "";
			targets = (
				55BDA13721FF4A1A000FF661 /* Todo-L */,
			);
		};
/* End PBXProject section */

/* Begin PBXResourcesBuildPhase section */
		55BDA13621FF4A1A000FF661 /* Resources */ = {
			isa = PBXResourcesBuildPhase;
			buildActionMask = 2147483647;
			files = (
				55BDA14621FF4A20000FF661 /* LaunchScreen.storyboard in Resources */,
				55BDA14321FF4A20000FF661 /* Assets.xcassets in Resources */,
				55BDA14121FF4A1A000FF661 /* Main.storyboard in Resources */,
			);
			runOnlyForDeploymentPostprocessing = 0;
		};
/* End PBXResourcesBuildPhase section */

/* Begin PBXSourcesBuildPhase section */
		55BDA13421FF4A1A000FF661 /* Sources */ = {
			isa = PBXSourcesBuildPhase;
			buildActionMask = 2147483647;
			files = (
				55BDA13E21FF4A1A000FF661 /* ViewController.swift in Sources */,
				55BDA13C21FF4A1A000FF661 /* AppDelegate.swift in Sources */,
			);
			runOnlyForDeploymentPostprocessing = 0;
		};
/* End PBXSourcesBuildPhase section */

/* Begin PBXVariantGroup section */
		55BDA13F21FF4A1A000FF661 /* Main.storyboard */ = {
			isa = PBXVariantGroup;
			children = (
				55BDA14021FF4A1A000FF661 /* Base */,
			);
			name = Main.storyboard;
			sourceTree = "<group>";
		};
		55BDA14421FF4A20000FF661 /* LaunchScreen.storyboard */ = {
			isa = PBXVariantGroup;
			children = (
				55BDA14521FF4A20000FF661 /* Base */,
			);
			name = LaunchScreen.storyboard;
			sourceTree = "<group>";
		};
/* End PBXVariantGroup section */

/* Begin XCBuildConfiguration section */
		55BDA14821FF4A20000FF661 /* Debug */ = {
			isa = XCBuildConfiguration;
			buildSettings = {
				ALWAYS_SEARCH_USER_PATHS = NO;
				CLANG_ANALYZER_NONNULL = YES;
				CLANG_ANALYZER_NUMBER_OBJECT_CONVERSION = YES_AGGRESSIVE;
				CLANG_CXX_LANGUAGE_STANDARD = "gnu++14";
				CLANG_CXX_LIBRARY = "libc++";
				CLANG_ENABLE_MODULES = YES;
				CLANG_ENABLE_OBJC_ARC = YES;
				CLANG_ENABLE_OBJC_WEAK = YES;
				CLANG_WARN_BLOCK_CAPTURE_AUTORELEASING = YES;
				CLANG_WARN_BOOL_CONVERSION = YES;
				CLANG_WARN_COMMA = YES;
				CLANG_WARN_CONSTANT_CONVERSION = YES;
				CLANG_WARN_DEPRECATED_OBJC_IMPLEMENTATIONS = YES;
				CLANG_WARN_DIRECT_OBJC_ISA_USAGE = YES_ERROR;
				CLANG_WARN_DOCUMENTATION_COMMENTS = YES;
				CLANG_WARN_EMPTY_BODY = YES;
				CLANG_WARN_ENUM_CONVERSION = YES;
				CLANG_WARN_INFINITE_RECURSION = YES;
				CLANG_WARN_INT_CONVERSION = YES;
				CLANG_WARN_NON_LITERAL_NULL_CONVERSION = YES;
				CLANG_WARN_OBJC_IMPLICIT_RETAIN_SELF = YES;
				CLANG_WARN_OBJC_LITERAL_CONVERSION = YES;
				CLANG_WARN_OBJC_ROOT_CLASS = YES_ERROR;
				CLANG_WARN_RANGE_LOOP_ANALYSIS = YES;
				CLANG_WARN_STRICT_PROTOTYPES = YES;
				CLANG_WARN_SUSPICIOUS_MOVE = YES;
				CLANG_WARN_UNGUARDED_AVAILABILITY = YES_AGGRESSIVE;
				CLANG_WARN_UNREACHABLE_CODE = YES;
				CLANG_WARN__DUPLICATE_METHOD_MATCH = YES;
				CODE_SIGN_IDENTITY = "iPhone Developer";
				COPY_PHASE_STRIP = NO;
				DEBUG_INFORMATION_FORMAT = dwarf;
				ENABLE_STRICT_OBJC_MSGSEND = YES;
				ENABLE_TESTABILITY = YES;
				GCC_C_LANGUAGE_STANDARD = gnu11;
				GCC_DYNAMIC_NO_PIC = NO;
				GCC_NO_COMMON_BLOCKS = YES;
				GCC_OPTIMIZATION_LEVEL = 0;
				GCC_PREPROCESSOR_DEFINITIONS = (
					"DEBUG=1",
					"$(inherited)",
				);
				GCC_WARN_64_TO_32_BIT_CONVERSION = YES;
				GCC_WARN_ABOUT_RETURN_TYPE = YES_ERROR;
				GCC_WARN_UNDECLARED_SELECTOR = YES;
				GCC_WARN_UNINITIALIZED_AUTOS = YES_AGGRESSIVE;
				GCC_WARN_UNUSED_FUNCTION = YES;
				GCC_WARN_UNUSED_VARIABLE = YES;
				IPHONEOS_DEPLOYMENT_TARGET = 12.1;
				MTL_ENABLE_DEBUG_INFO = INCLUDE_SOURCE;
				MTL_FAST_MATH = YES;
				ONLY_ACTIVE_ARCH = YES;
				SDKROOT = iphoneos;
				SWIFT_ACTIVE_COMPILATION_CONDITIONS = DEBUG;
				SWIFT_OPTIMIZATION_LEVEL = "-Onone";
			};
			name = Debug;
		};
		55BDA14921FF4A20000FF661 /* Release */ = {
			isa = XCBuildConfiguration;
			buildSettings = {
				ALWAYS_SEARCH_USER_PATHS = NO;
				CLANG_ANALYZER_NONNULL = YES;
				CLANG_ANALYZER_NUMBER_OBJECT_CONVERSION = YES_AGGRESSIVE;
				CLANG_CXX_LANGUAGE_STANDARD = "gnu++14";
				CLANG_CXX_LIBRARY = "libc++";
				CLANG_ENABLE_MODULES = YES;
				CLANG_ENABLE_OBJC_ARC = YES;
				CLANG_ENABLE_OBJC_WEAK = YES;
				CLANG_WARN_BLOCK_CAPTURE_AUTORELEASING = YES;
				CLANG_WARN_BOOL_CONVERSION = YES;
				CLANG_WARN_COMMA = YES;
				CLANG_WARN_CONSTANT_CONVERSION = YES;
				CLANG_WARN_DEPRECATED_OBJC_IMPLEMENTATIONS = YES;
				CLANG_WARN_DIRECT_OBJC_ISA_USAGE = YES_ERROR;
				CLANG_WARN_DOCUMENTATION_COMMENTS = YES;
				CLANG_WARN_EMPTY_BODY = YES;
				CLANG_WARN_ENUM_CONVERSION = YES;
				CLANG_WARN_INFINITE_RECURSION = YES;
				CLANG_WARN_INT_CONVERSION = YES;
				CLANG_WARN_NON_LITERAL_NULL_CONVERSION = YES;
				CLANG_WARN_OBJC_IMPLICIT_RETAIN_SELF = YES;
				CLANG_WARN_OBJC_LITERAL_CONVERSION = YES;
				CLANG_WARN_OBJC_ROOT_CLASS = YES_ERROR;
				CLANG_WARN_RANGE_LOOP_ANALYSIS = YES;
				CLANG_WARN_STRICT_PROTOTYPES = YES;
				CLANG_WARN_SUSPICIOUS_MOVE = YES;
				CLANG_WARN_UNGUARDED_AVAILABILITY = YES_AGGRESSIVE;
				CLANG_WARN_UNREACHABLE_CODE = YES;
				CLANG_WARN__DUPLICATE_METHOD_MATCH = YES;
				CODE_SIGN_IDENTITY = "iPhone Developer";
				COPY_PHASE_STRIP = NO;
				DEBUG_INFORMATION_FORMAT = "dwarf-with-dsym";
				ENABLE_NS_ASSERTIONS = NO;
				ENABLE_STRICT_OBJC_MSGSEND = YES;
				GCC_C_LANGUAGE_STANDARD = gnu11;
				GCC_NO_COMMON_BLOCKS = YES;
				GCC_WARN_64_TO_32_BIT_CONVERSION = YES;
				GCC_WARN_ABOUT_RETURN_TYPE = YES_ERROR;
				GCC_WARN_UNDECLARED_SELECTOR = YES;
				GCC_WARN_UNINITIALIZED_AUTOS = YES_AGGRESSIVE;
				GCC_WARN_UNUSED_FUNCTION = YES;
				GCC_WARN_UNUSED_VARIABLE = YES;
				IPHONEOS_DEPLOYMENT_TARGET = 12.1;
				MTL_ENABLE_DEBUG_INFO = NO;
				MTL_FAST_MATH = YES;
				SDKROOT = iphoneos;
				SWIFT_COMPILATION_MODE = wholemodule;
				SWIFT_OPTIMIZATION_LEVEL = "-O";
				VALIDATE_PRODUCT = YES;
			};
			name = Release;
		};
		55BDA14B21FF4A20000FF661 /* Debug */ = {
			isa = XCBuildConfiguration;
			buildSettings = {
				ASSETCATALOG_COMPILER_APPICON_NAME = AppIcon;
				CODE_SIGN_STYLE = Automatic;
				DEVELOPMENT_TEAM = 7R597ATGJ3;
				INFOPLIST_FILE = "Todo-L/Info.plist";
				LD_RUNPATH_SEARCH_PATHS = (
					"$(inherited)",
					"@executable_path/Frameworks",
				);
				PRODUCT_BUNDLE_IDENTIFIER = "com.surya.Todo-L";
				PRODUCT_NAME = "$(TARGET_NAME)";
				SWIFT_VERSION = 4.2;
				TARGETED_DEVICE_FAMILY = "1,2";
			};
			name = Debug;
		};
		55BDA14C21FF4A20000FF661 /* Release */ = {
			isa = XCBuildConfiguration;
			buildSettings = {
				ASSETCATALOG_COMPILER_APPICON_NAME = AppIcon;
				CODE_SIGN_STYLE = Automatic;
				DEVELOPMENT_TEAM = 7R597ATGJ3;
				INFOPLIST_FILE = "Todo-L/Info.plist";
				LD_RUNPATH_SEARCH_PATHS = (
					"$(inherited)",
					"@executable_path/Frameworks",
				);
				PRODUCT_BUNDLE_IDENTIFIER = "com.surya.Todo-L";
				PRODUCT_NAME = "$(TARGET_NAME)";
				SWIFT_VERSION = 4.2;
				TARGETED_DEVICE_FAMILY = "1,2";
			};
			name = Release;
		};
/* End XCBuildConfiguration section */

/* Begin XCConfigurationList section */
		55BDA13321FF4A1A000FF661 /* Build configuration list for PBXProject "Todo-L" */ = {
			isa = XCConfigurationList;
			buildConfigurations = (
				55BDA14821FF4A20000FF661 /* Debug */,
				55BDA14921FF4A20000FF661 /* Release */,
			);
			defaultConfigurationIsVisible = 0;
			defaultConfigurationName = Release;
		};
		55BDA14A21FF4A20000FF661 /* Build configuration list for PBXNativeTarget "Todo-L" */ = {
			isa = XCConfigurationList;
			buildConfigurations = (
				55BDA14B21FF4A20000FF661 /* Debug */,
				55BDA14C21FF4A20000FF661 /* Release */,
			);
			defaultConfigurationIsVisible = 0;
			defaultConfigurationName = Release;
		};
/* End XCConfigurationList section */
	};
	rootObject = 55BDA13021FF4A1A000FF661 /* Project object */;
}
